
Microsoft Visual Studio Solution File, Format Version 12.00
# Visual Studio Version 17
VisualStudioVersion = 17.3.32825.248
MinimumVisualStudioVersion = 10.0.40219.1
Project("{FAE04EC0-301F-11D3-BF4B-00C04F79EFBC}") = "SCP-Foundation", "SCP-Foundation.csproj", "{3578CEBA-80F9-46A7-995D-90DBE7735CFE}"
EndProject
Global
	GlobalSection(SolutionConfigurationPlatforms) = preSolution
		Debug|Any CPU = Debug|Any CPU
		Release|Any CPU = Release|Any CPU
	EndGlobalSection
	GlobalSection(ProjectConfigurationPlatforms) = postSolution
		{3578CEBA-80F9-46A7-995D-90DBE7735CFE}.Debug|Any CPU.ActiveCfg = Debug|Any CPU
		{3578CEBA-80F9-46A7-995D-90DBE7735CFE}.Debug|Any CPU.Build.0 = Debug|Any CPU
		{3578CEBA-80F9-46A7-995D-90DBE7735CFE}.Release|Any CPU.ActiveCfg = Release|Any CPU
		{3578CEBA-80F9-46A7-995D-90DBE7735CFE}.Release|Any CPU.Build.0 = Release|Any CPU
	EndGlobalSection
	GlobalSection(SolutionProperties) = preSolution
		HideSolutionNode = FALSE
	EndGlobalSection
	GlobalSection(ExtensibilityGlobals) = postSolution
		SolutionGuid = {BFD8C646-F0E4-416C-BD7B-CE1812BBEE11}
	EndGlobalSection
EndGlobal
